
Microsoft Visual Studio Solution File, Format Version 12.00
# Visual Studio Version 17
VisualStudioVersion = 17.5.33502.453
MinimumVisualStudioVersion = 10.0.40219.1
Project("{FAE04EC0-301F-11D3-BF4B-00C04F79EFBC}") = "CreativeWorldSave", "CreativeWorldSave.csproj", "{58D52957-E753-401F-B22B-92114496658A}"
EndProject
Global
	GlobalSection(SolutionConfigurationPlatforms) = preSolution
		Debug|Any CPU = Debug|Any CPU
		Debug|x64 = Debug|x64
		Release|Any CPU = Release|Any CPU
		Release|x64 = Release|x64
	EndGlobalSection
	GlobalSection(ProjectConfigurationPlatforms) = postSolution
		{58D52957-E753-401F-B22B-92114496658A}.Debug|Any CPU.ActiveCfg = Debug|Any CPU
		{58D52957-E753-401F-B22B-92114496658A}.Debug|Any CPU.Build.0 = Debug|Any CPU
		{58D52957-E753-401F-B22B-92114496658A}.Debug|x64.ActiveCfg = Debug|Any CPU
		{58D52957-E753-401F-B22B-92114496658A}.Debug|x64.Build.0 = Debug|Any CPU
		{58D52957-E753-401F-B22B-92114496658A}.Release|Any CPU.ActiveCfg = Release|x64
		{58D52957-E753-401F-B22B-92114496658A}.Release|Any CPU.Build.0 = Release|x64
		{58D52957-E753-401F-B22B-92114496658A}.Release|x64.ActiveCfg = Release|x64
		{58D52957-E753-401F-B22B-92114496658A}.Release|x64.Build.0 = Release|x64
	EndGlobalSection
	GlobalSection(SolutionProperties) = preSolution
		HideSolutionNode = FALSE
	EndGlobalSection
	GlobalSection(ExtensibilityGlobals) = postSolution
		SolutionGuid = {44AC0847-AC37-4082-8F30-DAAB4DEA6343}
	EndGlobalSection
EndGlobal
